// !$*UTF8*$!
{
	archiveVersion = 1;
	classes = {
	};
	objectVersion = 50;
	objects = {

/* Begin PBXBuildFile section */
		3B410631235E529D003ACDBD /* AppDelegate.swift in Sources */ = {isa = PBXBuildFile; fileRef = 3B410630235E529D003ACDBD /* AppDelegate.swift */; };
		3B410633235E529D003ACDBD /* ViewController.swift in Sources */ = {isa = PBXBuildFile; fileRef = 3B410632235E529D003ACDBD /* ViewController.swift */; };
		3B410636235E529D003ACDBD /* Main.storyboard in Resources */ = {isa = PBXBuildFile; fileRef = 3B410634235E529D003ACDBD /* Main.storyboard */; };
		3B410638235E529F003ACDBD /* Assets.xcassets in Resources */ = {isa = PBXBuildFile; fileRef = 3B410637235E529F003ACDBD /* Assets.xcassets */; };
		3B41063B235E529F003ACDBD /* LaunchScreen.storyboard in Resources */ = {isa = PBXBuildFile; fileRef = 3B410639235E529F003ACDBD /* LaunchScreen.storyboard */; };
		3B410646235E529F003ACDBD /* tapticPracticeUITests.swift in Sources */ = {isa = PBXBuildFile; fileRef = 3B410645235E529F003ACDBD /* tapticPracticeUITests.swift */; };
/* End PBXBuildFile section */

/* Begin PBXContainerItemProxy section */
		3B410642235E529F003ACDBD /* PBXContainerItemProxy */ = {
			isa = PBXContainerItemProxy;
			containerPortal = 3B410625235E529D003ACDBD /* Project object */;
			proxyType = 1;
			remoteGlobalIDString = 3B41062C235E529D003ACDBD;
			remoteInfo = tapticPractice;
		};
/* End PBXContainerItemProxy section */

/* Begin PBXFileReference section */
		3B41062D235E529D003ACDBD /* tapticPractice.app */ = {isa = PBXFileReference; explicitFileType = wrapper.application; includeInIndex = 0; path = tapticPractice.app; sourceTree = BUILT_PRODUCTS_DIR; };
		3B410630235E529D003ACDBD /* AppDelegate.swift */ = {isa = PBXFileReference; lastKnownFileType = sourcecode.swift; path = AppDelegate.swift; sourceTree = "<group>"; };
		3B410632235E529D003ACDBD /* ViewController.swift */ = {isa = PBXFileReference; lastKnownFileType = sourcecode.swift; path = ViewController.swift; sourceTree = "<group>"; };
		3B410635235E529D003ACDBD /* Base */ = {isa = PBXFileReference; lastKnownFileType = file.storyboard; name = Base; path = Base.lproj/Main.storyboard; sourceTree = "<group>"; };
		3B410637235E529F003ACDBD /* Assets.xcassets */ = {isa = PBXFileReference; lastKnownFileType = folder.assetcatalog; path = Assets.xcassets; sourceTree = "<group>"; };
		3B41063A235E529F003ACDBD /* Base */ = {isa = PBXFileReference; lastKnownFileType = file.storyboard; name = Base; path = Base.lproj/LaunchScreen.storyboard; sourceTree = "<group>"; };
		3B41063C235E529F003ACDBD /* Info.plist */ = {isa = PBXFileReference; lastKnownFileType = text.plist.xml; path = Info.plist; sourceTree = "<group>"; };
		3B410641235E529F003ACDBD /* tapticPracticeUITests.xctest */ = {isa = PBXFileReference; explicitFileType = wrapper.cfbundle; includeInIndex = 0; path = tapticPracticeUITests.xctest; sourceTree = BUILT_PRODUCTS_DIR; };
		3B410645235E529F003ACDBD /* tapticPracticeUITests.swift */ = {isa = PBXFileReference; lastKnownFileType = sourcecode.swift; path = tapticPracticeUITests.swift; sourceTree = "<group>"; };
		3B410647235E529F003ACDBD /* Info.plist */ = {isa = PBXFileReference; lastKnownFileType = text.plist.xml; path = Info.plist; sourceTree = "<group>"; };
/* End PBXFileReference section */

/* Begin PBXFrameworksBuildPhase section */
		3B41062A235E529D003ACDBD /* Frameworks */ = {
			isa = PBXFrameworksBuildPhase;
			buildActionMask = 2147483647;
			files = (
			);
			runOnlyForDeploymentPostprocessing = 0;
		};
		3B41063E235E529F003ACDBD /* Frameworks */ = {
			isa = PBXFrameworksBuildPhase;
			buildActionMask = 2147483647;
			files = (
			);
			runOnlyForDeploymentPostprocessing = 0;
		};
/* End PBXFrameworksBuildPhase section */

/* Begin PBXGroup section */
		3B410624235E529D003ACDBD = {
			isa = PBXGroup;
			children = (
				3B41062F235E529D003ACDBD /* tapticPractice */,
				3B410644235E529F003ACDBD /* tapticPracticeUITests */,
				3B41062E235E529D003ACDBD /* Products */,
			);
			sourceTree = "<group>";
		};
		3B41062E235E529D003ACDBD /* Products */ = {
			isa = PBXGroup;
			children = (
				3B41062D235E529D003ACDBD /* tapticPractice.app */,
				3B410641235E529F003ACDBD /* tapticPracticeUITests.xctest */,
			);
			name = Products;
			sourceTree = "<group>";
		};
		3B41062F235E529D003ACDBD /* tapticPractice */ = {
			isa = PBXGroup;
			children = (
				3B410630235E529D003ACDBD /* AppDelegate.swift */,
				3B410632235E529D003ACDBD /* ViewController.swift */,
				3B410634235E529D003ACDBD /* Main.storyboard */,
				3B410637235E529F003ACDBD /* Assets.xcassets */,
				3B410639235E529F003ACDBD /* LaunchScreen.storyboard */,
				3B41063C235E529F003ACDBD /* Info.plist */,
			);
			path = tapticPractice;
			sourceTree = "<group>";
		};
		3B410644235E529F003ACDBD /* tapticPracticeUITests */ = {
			isa = PBXGroup;
			children = (
				3B410645235E529F003ACDBD /* tapticPracticeUITests.swift */,
				3B410647235E529F003ACDBD /* Info.plist */,
			);
			path = tapticPracticeUITests;
			sourceTree = "<group>";
		};
/* End PBXGroup section */

/* Begin PBXNativeTarget section */
		3B41062C235E529D003ACDBD /* tapticPractice */ = {
			isa = PBXNativeTarget;
			buildConfigurationList = 3B41064A235E529F003ACDBD /* Build configuration list for PBXNativeTarget "tapticPractice" */;
			buildPhases = (
				3B410629235E529D003ACDBD /* Sources */,
				3B41062A235E529D003ACDBD /* Frameworks */,
				3B41062B235E529D003ACDBD /* Resources */,
			);
			buildRules = (
			);
			dependencies = (
			);
			name = tapticPractice;
			productName = tapticPractice;
			productReference = 3B41062D235E529D003ACDBD /* tapticPractice.app */;
			productType = "com.apple.product-type.application";
		};
		3B410640235E529F003ACDBD /* tapticPracticeUITests */ = {
			isa = PBXNativeTarget;
			buildConfigurationList = 3B41064D235E529F003ACDBD /* Build configuration list for PBXNativeTarget "tapticPracticeUITests" */;
			buildPhases = (
				3B41063D235E529F003ACDBD /* Sources */,
				3B41063E235E529F003ACDBD /* Frameworks */,
				3B41063F235E529F003ACDBD /* Resources */,
			);
			buildRules = (
			);
			dependencies = (
				3B410643235E529F003ACDBD /* PBXTargetDependency */,
			);
			name = tapticPracticeUITests;
			productName = tapticPracticeUITests;
			productReference = 3B410641235E529F003ACDBD /* tapticPracticeUITests.xctest */;
			productType = "com.apple.product-type.bundle.ui-testing";
		};
/* End PBXNativeTarget section */

/* Begin PBXProject section */
		3B410625235E529D003ACDBD /* Project object */ = {
			isa = PBXProject;
			attributes = {
				LastSwiftUpdateCheck = 1010;
				LastUpgradeCheck = 1010;
				ORGANIZATIONNAME = "Javier Porras jr";
				TargetAttributes = {
					3B41062C235E529D003ACDBD = {
						CreatedOnToolsVersion = 10.1;
					};
					3B410640235E529F003ACDBD = {
						CreatedOnToolsVersion = 10.1;
						TestTargetID = 3B41062C235E529D003ACDBD;
					};
				};
			};
			buildConfigurationList = 3B410628235E529D003ACDBD /* Build configuration list for PBXProject "tapticPractice" */;
			compatibilityVersion = "Xcode 9.3";
			developmentRegion = en;
			hasScannedForEncodings = 0;
			knownRegions = (
				en,
				Base,
			);
			mainGroup = 3B410624235E529D003ACDBD;
			productRefGroup = 3B41062E235E529D003ACDBD /* Products */;
			projectDirPath = "";
			projectRoot = "";
			targets = (
				3B41062C235E529D003ACDBD /* tapticPractice */,
				3B410640235E529F003ACDBD /* tapticPracticeUITests */,
			);
		};
/* End PBXProject section */

/* Begin PBXResourcesBuildPhase section */
		3B41062B235E529D003ACDBD /* Resources */ = {
			isa = PBXResourcesBuildPhase;
			buildActionMask = 2147483647;
			files = (
				3B41063B235E529F003ACDBD /* LaunchScreen.storyboard in Resources */,
				3B410638235E529F003ACDBD /* Assets.xcassets in Resources */,
				3B410636235E529D003ACDBD /* Main.storyboard in Resources */,
			);
			runOnlyForDeploymentPostprocessing = 0;
		};
		3B41063F235E529F003ACDBD /* Resources */ = {
			isa = PBXResourcesBuildPhase;
			buildActionMask = 2147483647;
			files = (
			);
			runOnlyForDeploymentPostprocessing = 0;
		};
/* End PBXResourcesBuildPhase section */

/* Begin PBXSourcesBuildPhase section */
		3B410629235E529D003ACDBD /* Sources */ = {
			isa = PBXSourcesBuildPhase;
			buildActionMask = 2147483647;
			files = (
				3B410633235E529D003ACDBD /* ViewController.swift in Sources */,
				3B410631235E529D003ACDBD /* AppDelegate.swift in Sources */,
			);
			runOnlyForDeploymentPostprocessing = 0;
		};
		3B41063D235E529F003ACDBD /* Sources */ = {
			isa = PBXSourcesBuildPhase;
			buildActionMask = 2147483647;
			files = (
				3B410646235E529F003ACDBD /* tapticPracticeUITests.swift in Sources */,
			);
			runOnlyForDeploymentPostprocessing = 0;
		};
/* End PBXSourcesBuildPhase section */

/* Begin PBXTargetDependency section */
		3B410643235E529F003ACDBD /* PBXTargetDependency */ = {
			isa = PBXTargetDependency;
			target = 3B41062C235E529D003ACDBD /* tapticPractice */;
			targetProxy = 3B410642235E529F003ACDBD /* PBXContainerItemProxy */;
		};
/* End PBXTargetDependency section */

/* Begin PBXVariantGroup section */
		3B410634235E529D003ACDBD /* Main.storyboard */ = {
			isa = PBXVariantGroup;
			children = (
				3B410635235E529D003ACDBD /* Base */,
			);
			name = Main.storyboard;
			sourceTree = "<group>";
		};
		3B410639235E529F003ACDBD /* LaunchScreen.storyboard */ = {
			isa = PBXVariantGroup;
			children = (
				3B41063A235E529F003ACDBD /* Base */,
			);
			name = LaunchScreen.storyboard;
			sourceTree = "<group>";
		};
/* End PBXVariantGroup section */

/* Begin XCBuildConfiguration section */
		3B410648235E529F003ACDBD /* Debug */ = {
			isa = XCBuildConfiguration;
			buildSettings = {
				ALWAYS_SEARCH_USER_PATHS = NO;
				CLANG_ANALYZER_NONNULL = YES;
				CLANG_ANALYZER_NUMBER_OBJECT_CONVERSION = YES_AGGRESSIVE;
				CLANG_CXX_LANGUAGE_STANDARD = "gnu++14";
				CLANG_CXX_LIBRARY = "libc++";
				CLANG_ENABLE_MODULES = YES;
				CLANG_ENABLE_OBJC_ARC = YES;
				CLANG_ENABLE_OBJC_WEAK = YES;
				CLANG_WARN_BLOCK_CAPTURE_AUTORELEASING = YES;
				CLANG_WARN_BOOL_CONVERSION = YES;
				CLANG_WARN_COMMA = YES;
				CLANG_WARN_CONSTANT_CONVERSION = YES;
				CLANG_WARN_DEPRECATED_OBJC_IMPLEMENTATIONS = YES;
				CLANG_WARN_DIRECT_OBJC_ISA_USAGE = YES_ERROR;
				CLANG_WARN_DOCUMENTATION_COMMENTS = YES;
				CLANG_WARN_EMPTY_BODY = YES;
				CLANG_WARN_ENUM_CONVERSION = YES;
				CLANG_WARN_INFINITE_RECURSION = YES;
				CLANG_WARN_INT_CONVERSION = YES;
				CLANG_WARN_NON_LITERAL_NULL_CONVERSION = YES;
				CLANG_WARN_OBJC_IMPLICIT_RETAIN_SELF = YES;
				CLANG_WARN_OBJC_LITERAL_CONVERSION = YES;
				CLANG_WARN_OBJC_ROOT_CLASS = YES_ERROR;
				CLANG_WARN_RANGE_LOOP_ANALYSIS = YES;
				CLANG_WARN_STRICT_PROTOTYPES = YES;
				CLANG_WARN_SUSPICIOUS_MOVE = YES;
				CLANG_WARN_UNGUARDED_AVAILABILITY = YES_AGGRESSIVE;
				CLANG_WARN_UNREACHABLE_CODE = YES;
				CLANG_WARN__DUPLICATE_METHOD_MATCH = YES;
				CODE_SIGN_IDENTITY = "iPhone Developer";
				COPY_PHASE_STRIP = NO;
				DEBUG_INFORMATION_FORMAT = dwarf;
				ENABLE_STRICT_OBJC_MSGSEND = YES;
				ENABLE_TESTABILITY = YES;
				GCC_C_LANGUAGE_STANDARD = gnu11;
				GCC_DYNAMIC_NO_PIC = NO;
				GCC_NO_COMMON_BLOCKS = YES;
				GCC_OPTIMIZATION_LEVEL = 0;
				GCC_PREPROCESSOR_DEFINITIONS = (
					"DEBUG=1",
					"$(inherited)",
				);
				GCC_WARN_64_TO_32_BIT_CONVERSION = YES;
				GCC_WARN_ABOUT_RETURN_TYPE = YES_ERROR;
				GCC_WARN_UNDECLARED_SELECTOR = YES;
				GCC_WARN_UNINITIALIZED_AUTOS = YES_AGGRESSIVE;
				GCC_WARN_UNUSED_FUNCTION = YES;
				GCC_WARN_UNUSED_VARIABLE = YES;
				IPHONEOS_DEPLOYMENT_TARGET = 12.1;
				MTL_ENABLE_DEBUG_INFO = INCLUDE_SOURCE;
				MTL_FAST_MATH = YES;
				ONLY_ACTIVE_ARCH = YES;
				SDKROOT = iphoneos;
				SWIFT_ACTIVE_COMPILATION_CONDITIONS = DEBUG;
				SWIFT_OPTIMIZATION_LEVEL = "-Onone";
			};
			name = Debug;
		};
		3B410649235E529F003ACDBD /* Release */ = {
			isa = XCBuildConfiguration;
			buildSettings = {
				ALWAYS_SEARCH_USER_PATHS = NO;
				CLANG_ANALYZER_NONNULL = YES;
				CLANG_ANALYZER_NUMBER_OBJECT_CONVERSION = YES_AGGRESSIVE;
				CLANG_CXX_LANGUAGE_STANDARD = "gnu++14";
				CLANG_CXX_LIBRARY = "libc++";
				CLANG_ENABLE_MODULES = YES;
				CLANG_ENABLE_OBJC_ARC = YES;
				CLANG_ENABLE_OBJC_WEAK = YES;
				CLANG_WARN_BLOCK_CAPTURE_AUTORELEASING = YES;
				CLANG_WARN_BOOL_CONVERSION = YES;
				CLANG_WARN_COMMA = YES;
				CLANG_WARN_CONSTANT_CONVERSION = YES;
				CLANG_WARN_DEPRECATED_OBJC_IMPLEMENTATIONS = YES;
				CLANG_WARN_DIRECT_OBJC_ISA_USAGE = YES_ERROR;
				CLANG_WARN_DOCUMENTATION_COMMENTS = YES;
				CLANG_WARN_EMPTY_BODY = YES;
				CLANG_WARN_ENUM_CONVERSION = YES;
				CLANG_WARN_INFINITE_RECURSION = YES;
				CLANG_WARN_INT_CONVERSION = YES;
				CLANG_WARN_NON_LITERAL_NULL_CONVERSION = YES;
				CLANG_WARN_OBJC_IMPLICIT_RETAIN_SELF = YES;
				CLANG_WARN_OBJC_LITERAL_CONVERSION = YES;
				CLANG_WARN_OBJC_ROOT_CLASS = YES_ERROR;
				CLANG_WARN_RANGE_LOOP_ANALYSIS = YES;
				CLANG_WARN_STRICT_PROTOTYPES = YES;
				CLANG_WARN_SUSPICIOUS_MOVE = YES;
				CLANG_WARN_UNGUARDED_AVAILABILITY = YES_AGGRESSIVE;
				CLANG_WARN_UNREACHABLE_CODE = YES;
				CLANG_WARN__DUPLICATE_METHOD_MATCH = YES;
				CODE_SIGN_IDENTITY = "iPhone Developer";
				COPY_PHASE_STRIP = NO;
				DEBUG_INFORMATION_FORMAT = "dwarf-with-dsym";
				ENABLE_NS_ASSERTIONS = NO;
				ENABLE_STRICT_OBJC_MSGSEND = YES;
				GCC_C_LANGUAGE_STANDARD = gnu11;
				GCC_NO_COMMON_BLOCKS = YES;
				GCC_WARN_64_TO_32_BIT_CONVERSION = YES;
				GCC_WARN_ABOUT_RETURN_TYPE = YES_ERROR;
				GCC_WARN_UNDECLARED_SELECTOR = YES;
				GCC_WARN_UNINITIALIZED_AUTOS = YES_AGGRESSIVE;
				GCC_WARN_UNUSED_FUNCTION = YES;
				GCC_WARN_UNUSED_VARIABLE = YES;
				IPHONEOS_DEPLOYMENT_TARGET = 12.1;
				MTL_ENABLE_DEBUG_INFO = NO;
				MTL_FAST_MATH = YES;
				SDKROOT = iphoneos;
				SWIFT_COMPILATION_MODE = wholemodule;
				SWIFT_OPTIMIZATION_LEVEL = "-O";
				VALIDATE_PRODUCT = YES;
			};
			name = Release;
		};
		3B41064B235E529F003ACDBD /* Debug */ = {
			isa = XCBuildConfiguration;
			buildSettings = {
				ASSETCATALOG_COMPILER_APPICON_NAME = AppIcon;
				CODE_SIGN_STYLE = Automatic;
				DEVELOPMENT_TEAM = W9DGPW2UHP;
				INFOPLIST_FILE = tapticPractice/Info.plist;
				LD_RUNPATH_SEARCH_PATHS = (
					"$(inherited)",
					"@executable_path/Frameworks",
				);
				PRODUCT_BUNDLE_IDENTIFIER = javier.tapticPractice;
				PRODUCT_NAME = "$(TARGET_NAME)";
				SWIFT_VERSION = 4.2;
				TARGETED_DEVICE_FAMILY = "1,2";
			};
			name = Debug;
		};
		3B41064C235E529F003ACDBD /* Release */ = {
			isa = XCBuildConfiguration;
			buildSettings = {
				ASSETCATALOG_COMPILER_APPICON_NAME = AppIcon;
				CODE_SIGN_STYLE = Automatic;
				DEVELOPMENT_TEAM = W9DGPW2UHP;
				INFOPLIST_FILE = tapticPractice/Info.plist;
				LD_RUNPATH_SEARCH_PATHS = (
					"$(inherited)",
					"@executable_path/Frameworks",
				);
				PRODUCT_BUNDLE_IDENTIFIER = javier.tapticPractice;
				PRODUCT_NAME = "$(TARGET_NAME)";
				SWIFT_VERSION = 4.2;
				TARGETED_DEVICE_FAMILY = "1,2";
			};
			name = Release;
		};
		3B41064E235E529F003ACDBD /* Debug */ = {
			isa = XCBuildConfiguration;
			buildSettings = {
				ALWAYS_EMBED_SWIFT_STANDARD_LIBRARIES = YES;
				CODE_SIGN_STYLE = Automatic;
				DEVELOPMENT_TEAM = W9DGPW2UHP;
				INFOPLIST_FILE = tapticPracticeUITests/Info.plist;
				LD_RUNPATH_SEARCH_PATHS = (
					"$(inherited)",
					"@executable_path/Frameworks",
					"@loader_path/Frameworks",
				);
				PRODUCT_BUNDLE_IDENTIFIER = javier.tapticPracticeUITests;
				PRODUCT_NAME = "$(TARGET_NAME)";
				SWIFT_VERSION = 4.2;
				TARGETED_DEVICE_FAMILY = "1,2";
				TEST_TARGET_NAME = tapticPractice;
			};
			name = Debug;
		};
		3B41064F235E529F003ACDBD /* Release */ = {
			isa = XCBuildConfiguration;
			buildSettings = {
				ALWAYS_EMBED_SWIFT_STANDARD_LIBRARIES = YES;
				CODE_SIGN_STYLE = Automatic;
				DEVELOPMENT_TEAM = W9DGPW2UHP;
				INFOPLIST_FILE = tapticPracticeUITests/Info.plist;
				LD_RUNPATH_SEARCH_PATHS = (
					"$(inherited)",
					"@executable_path/Frameworks",
					"@loader_path/Frameworks",
				);
				PRODUCT_BUNDLE_IDENTIFIER = javier.tapticPracticeUITests;
				PRODUCT_NAME = "$(TARGET_NAME)";
				SWIFT_VERSION = 4.2;
				TARGETED_DEVICE_FAMILY = "1,2";
				TEST_TARGET_NAME = tapticPractice;
			};
			name = Release;
		};
/* End XCBuildConfiguration section */

/* Begin XCConfigurationList section */
		3B410628235E529D003ACDBD /* Build configuration list for PBXProject "tapticPractice" */ = {
			isa = XCConfigurationList;
			buildConfigurations = (
				3B410648235E529F003ACDBD /* Debug */,
				3B410649235E529F003ACDBD /* Release */,
			);
			defaultConfigurationIsVisible = 0;
			defaultConfigurationName = Release;
		};
		3B41064A235E529F003ACDBD /* Build configuration list for PBXNativeTarget "tapticPractice" */ = {
			isa = XCConfigurationList;
			buildConfigurations = (
				3B41064B235E529F003ACDBD /* Debug */,
				3B41064C235E529F003ACDBD /* Release */,
			);
			defaultConfigurationIsVisible = 0;
			defaultConfigurationName = Release;
		};
		3B41064D235E529F003ACDBD /* Build configuration list for PBXNativeTarget "tapticPracticeUITests" */ = {
			isa = XCConfigurationList;
			buildConfigurations = (
				3B41064E235E529F003ACDBD /* Debug */,
				3B41064F235E529F003ACDBD /* Release */,
			);
			defaultConfigurationIsVisible = 0;
			defaultConfigurationName = Release;
		};
/* End XCConfigurationList section */
	};
	rootObject = 3B410625235E529D003ACDBD /* Project object */;
}
